
Microsoft Visual Studio Solution File, Format Version 12.00
# Visual Studio Version 17
VisualStudioVersion = 17.3.32929.385
MinimumVisualStudioVersion = 10.0.40219.1
Project("{9A19103F-16F7-4668-BE54-9A1E7A4F7556}") = "Sample_01", "Sample_01\Sample_01.csproj", "{1009B3B6-9DAC-4AA7-93F0-9C95F16E91A2}"
EndProject
Project("{9A19103F-16F7-4668-BE54-9A1E7A4F7556}") = "AsyncMain", "AsyncMain\AsyncMain.csproj", "{4A9B765F-2CC7-43DE-AB12-1804C6AB3EE1}"
EndProject
Project("{FAE04EC0-301F-11D3-BF4B-00C04F79EFBC}") = "TaskDelay", "..\TaskDelay\TaskDelay.csproj", "{5ACD048D-3F4D-4101-A28B-5694398719A6}"
EndProject
Project("{FAE04EC0-301F-11D3-BF4B-00C04F79EFBC}") = "AsyncLambda", "..\AsyncLambda\AsyncLambda.csproj", "{27949D07-CBF0-4F52-82D7-D3E7674363B6}"
EndProject
Project("{FAE04EC0-301F-11D3-BF4B-00C04F79EFBC}") = "TaskThreadId", "..\TaskThreadId\TaskThreadId.csproj", "{91BEC816-2A67-478B-9293-7D455B0965CC}"
EndProject
Global
	GlobalSection(SolutionConfigurationPlatforms) = preSolution
		Debug|Any CPU = Debug|Any CPU
		Release|Any CPU = Release|Any CPU
	EndGlobalSection
	GlobalSection(ProjectConfigurationPlatforms) = postSolution
		{1009B3B6-9DAC-4AA7-93F0-9C95F16E91A2}.Debug|Any CPU.ActiveCfg = Debug|Any CPU
		{1009B3B6-9DAC-4AA7-93F0-9C95F16E91A2}.Debug|Any CPU.Build.0 = Debug|Any CPU
		{1009B3B6-9DAC-4AA7-93F0-9C95F16E91A2}.Release|Any CPU.ActiveCfg = Release|Any CPU
		{1009B3B6-9DAC-4AA7-93F0-9C95F16E91A2}.Release|Any CPU.Build.0 = Release|Any CPU
		{4A9B765F-2CC7-43DE-AB12-1804C6AB3EE1}.Debug|Any CPU.ActiveCfg = Debug|Any CPU
		{4A9B765F-2CC7-43DE-AB12-1804C6AB3EE1}.Debug|Any CPU.Build.0 = Debug|Any CPU
		{4A9B765F-2CC7-43DE-AB12-1804C6AB3EE1}.Release|Any CPU.ActiveCfg = Release|Any CPU
		{4A9B765F-2CC7-43DE-AB12-1804C6AB3EE1}.Release|Any CPU.Build.0 = Release|Any CPU
		{5ACD048D-3F4D-4101-A28B-5694398719A6}.Debug|Any CPU.ActiveCfg = Debug|Any CPU
		{5ACD048D-3F4D-4101-A28B-5694398719A6}.Debug|Any CPU.Build.0 = Debug|Any CPU
		{5ACD048D-3F4D-4101-A28B-5694398719A6}.Release|Any CPU.ActiveCfg = Release|Any CPU
		{5ACD048D-3F4D-4101-A28B-5694398719A6}.Release|Any CPU.Build.0 = Release|Any CPU
		{27949D07-CBF0-4F52-82D7-D3E7674363B6}.Debug|Any CPU.ActiveCfg = Debug|Any CPU
		{27949D07-CBF0-4F52-82D7-D3E7674363B6}.Debug|Any CPU.Build.0 = Debug|Any CPU
		{27949D07-CBF0-4F52-82D7-D3E7674363B6}.Release|Any CPU.ActiveCfg = Release|Any CPU
		{27949D07-CBF0-4F52-82D7-D3E7674363B6}.Release|Any CPU.Build.0 = Release|Any CPU
		{91BEC816-2A67-478B-9293-7D455B0965CC}.Debug|Any CPU.ActiveCfg = Debug|Any CPU
		{91BEC816-2A67-478B-9293-7D455B0965CC}.Debug|Any CPU.Build.0 = Debug|Any CPU
		{91BEC816-2A67-478B-9293-7D455B0965CC}.Release|Any CPU.ActiveCfg = Release|Any CPU
		{91BEC816-2A67-478B-9293-7D455B0965CC}.Release|Any CPU.Build.0 = Release|Any CPU
	EndGlobalSection
	GlobalSection(SolutionProperties) = preSolution
		HideSolutionNode = FALSE
	EndGlobalSection
	GlobalSection(ExtensibilityGlobals) = postSolution
		SolutionGuid = {FBA47C4B-0F2F-49B5-B763-4A4DE5EFC0C4}
	EndGlobalSection
EndGlobal
